
Microsoft Visual Studio Solution File, Format Version 12.00
# Visual Studio Version 17
VisualStudioVersion = 17.3.32922.545
MinimumVisualStudioVersion = 10.0.40219.1
Project("{FAE04EC0-301F-11D3-BF4B-00C04F79EFBC}") = "Foor_loop", "Foor_loop.csproj", "{EC246E28-C9FA-4507-9B18-0A240F590818}"
EndProject
Global
	GlobalSection(SolutionConfigurationPlatforms) = preSolution
		Debug|Any CPU = Debug|Any CPU
		Release|Any CPU = Release|Any CPU
	EndGlobalSection
	GlobalSection(ProjectConfigurationPlatforms) = postSolution
		{EC246E28-C9FA-4507-9B18-0A240F590818}.Debug|Any CPU.ActiveCfg = Debug|Any CPU
		{EC246E28-C9FA-4507-9B18-0A240F590818}.Debug|Any CPU.Build.0 = Debug|Any CPU
		{EC246E28-C9FA-4507-9B18-0A240F590818}.Release|Any CPU.ActiveCfg = Release|Any CPU
		{EC246E28-C9FA-4507-9B18-0A240F590818}.Release|Any CPU.Build.0 = Release|Any CPU
	EndGlobalSection
	GlobalSection(SolutionProperties) = preSolution
		HideSolutionNode = FALSE
	EndGlobalSection
	GlobalSection(ExtensibilityGlobals) = postSolution
		SolutionGuid = {F2CFCF81-4439-4163-B909-BDE595A2679A}
	EndGlobalSection
EndGlobal
