
Microsoft Visual Studio Solution File, Format Version 12.00
# Visual Studio Version 17
VisualStudioVersion = 17.3.32922.545
MinimumVisualStudioVersion = 10.0.40219.1
Project("{FAE04EC0-301F-11D3-BF4B-00C04F79EFBC}") = "While", "While.csproj", "{422DD0DB-26F7-4AB2-B4DF-C336B1C44871}"
EndProject
Global
	GlobalSection(SolutionConfigurationPlatforms) = preSolution
		Debug|Any CPU = Debug|Any CPU
		Release|Any CPU = Release|Any CPU
	EndGlobalSection
	GlobalSection(ProjectConfigurationPlatforms) = postSolution
		{422DD0DB-26F7-4AB2-B4DF-C336B1C44871}.Debug|Any CPU.ActiveCfg = Debug|Any CPU
		{422DD0DB-26F7-4AB2-B4DF-C336B1C44871}.Debug|Any CPU.Build.0 = Debug|Any CPU
		{422DD0DB-26F7-4AB2-B4DF-C336B1C44871}.Release|Any CPU.ActiveCfg = Release|Any CPU
		{422DD0DB-26F7-4AB2-B4DF-C336B1C44871}.Release|Any CPU.Build.0 = Release|Any CPU
	EndGlobalSection
	GlobalSection(SolutionProperties) = preSolution
		HideSolutionNode = FALSE
	EndGlobalSection
	GlobalSection(ExtensibilityGlobals) = postSolution
		SolutionGuid = {A67AC992-EFC9-493A-9B1B-B4FD85BE3214}
	EndGlobalSection
EndGlobal
